
Microsoft Visual Studio Solution File, Format Version 12.00
# Visual Studio Version 17
VisualStudioVersion = 17.9.34607.119
MinimumVisualStudioVersion = 10.0.40219.1
Project("{FAE04EC0-301F-11D3-BF4B-00C04F79EFBC}") = "BidService.API", "BidService.API\BidService.API.csproj", "{69E18ADC-2595-4129-92EA-8AEBF483FF2B}"
EndProject
Global
	GlobalSection(SolutionConfigurationPlatforms) = preSolution
		Debug|Any CPU = Debug|Any CPU
		Release|Any CPU = Release|Any CPU
	EndGlobalSection
	GlobalSection(ProjectConfigurationPlatforms) = postSolution
		{69E18ADC-2595-4129-92EA-8AEBF483FF2B}.Debug|Any CPU.ActiveCfg = Debug|Any CPU
		{69E18ADC-2595-4129-92EA-8AEBF483FF2B}.Debug|Any CPU.Build.0 = Debug|Any CPU
		{69E18ADC-2595-4129-92EA-8AEBF483FF2B}.Release|Any CPU.ActiveCfg = Release|Any CPU
		{69E18ADC-2595-4129-92EA-8AEBF483FF2B}.Release|Any CPU.Build.0 = Release|Any CPU
	EndGlobalSection
	GlobalSection(SolutionProperties) = preSolution
		HideSolutionNode = FALSE
	EndGlobalSection
	GlobalSection(ExtensibilityGlobals) = postSolution
		SolutionGuid = {8043B78D-96B9-42A6-A6AD-B081759483E7}
	EndGlobalSection
EndGlobal
